
Microsoft Visual Studio Solution File, Format Version 12.00
# Visual Studio 15
VisualStudioVersion = 15.0.27703.2026
MinimumVisualStudioVersion = 10.0.40219.1
Project("{9A19103F-16F7-4668-BE54-9A1E7A4F7556}") = "JWT.API", "Products.API\JWT.API.csproj", "{17C49426-D099-4933-B0DD-E25328A519C4}"
EndProject
Project("{E53339B2-1760-4266-BCC7-CA923CBCF16C}") = "docker-compose", "docker-compose.dcproj", "{82A53BB4-83D3-4AC1-A039-9F0B7FBC01A5}"
EndProject
Global
	GlobalSection(SolutionConfigurationPlatforms) = preSolution
		Debug|Any CPU = Debug|Any CPU
		Release|Any CPU = Release|Any CPU
	EndGlobalSection
	GlobalSection(ProjectConfigurationPlatforms) = postSolution
		{17C49426-D099-4933-B0DD-E25328A519C4}.Debug|Any CPU.ActiveCfg = Debug|Any CPU
		{17C49426-D099-4933-B0DD-E25328A519C4}.Debug|Any CPU.Build.0 = Debug|Any CPU
		{17C49426-D099-4933-B0DD-E25328A519C4}.Release|Any CPU.ActiveCfg = Release|Any CPU
		{17C49426-D099-4933-B0DD-E25328A519C4}.Release|Any CPU.Build.0 = Release|Any CPU
		{82A53BB4-83D3-4AC1-A039-9F0B7FBC01A5}.Debug|Any CPU.ActiveCfg = Debug|Any CPU
		{82A53BB4-83D3-4AC1-A039-9F0B7FBC01A5}.Debug|Any CPU.Build.0 = Debug|Any CPU
		{82A53BB4-83D3-4AC1-A039-9F0B7FBC01A5}.Release|Any CPU.ActiveCfg = Release|Any CPU
		{82A53BB4-83D3-4AC1-A039-9F0B7FBC01A5}.Release|Any CPU.Build.0 = Release|Any CPU
	EndGlobalSection
	GlobalSection(SolutionProperties) = preSolution
		HideSolutionNode = FALSE
	EndGlobalSection
	GlobalSection(ExtensibilityGlobals) = postSolution
		SolutionGuid = {D1AA1DEE-91D4-483C-8DDC-5FE0C1738765}
	EndGlobalSection
EndGlobal
