
Microsoft Visual Studio Solution File, Format Version 12.00
# Visual Studio 15
VisualStudioVersion = 15.0.27703.2026
MinimumVisualStudioVersion = 10.0.40219.1
Project("{FAE04EC0-301F-11D3-BF4B-00C04F79EFBC}") = "MassAssignment.API", "MassAssignment.API\MassAssignment.API.csproj", "{9BBDCF19-39C6-4C2F-82A1-B7C16AB6D540}"
EndProject
Project("{E53339B2-1760-4266-BCC7-CA923CBCF16C}") = "docker-compose", "docker-compose.dcproj", "{2ACA0F61-7C80-4191-8AC6-8CB7D134E981}"
EndProject
Global
	GlobalSection(SolutionConfigurationPlatforms) = preSolution
		Debug|Any CPU = Debug|Any CPU
		Release|Any CPU = Release|Any CPU
	EndGlobalSection
	GlobalSection(ProjectConfigurationPlatforms) = postSolution
		{9BBDCF19-39C6-4C2F-82A1-B7C16AB6D540}.Debug|Any CPU.ActiveCfg = Debug|Any CPU
		{9BBDCF19-39C6-4C2F-82A1-B7C16AB6D540}.Debug|Any CPU.Build.0 = Debug|Any CPU
		{9BBDCF19-39C6-4C2F-82A1-B7C16AB6D540}.Release|Any CPU.ActiveCfg = Release|Any CPU
		{9BBDCF19-39C6-4C2F-82A1-B7C16AB6D540}.Release|Any CPU.Build.0 = Release|Any CPU
		{2ACA0F61-7C80-4191-8AC6-8CB7D134E981}.Debug|Any CPU.ActiveCfg = Debug|Any CPU
		{2ACA0F61-7C80-4191-8AC6-8CB7D134E981}.Debug|Any CPU.Build.0 = Debug|Any CPU
		{2ACA0F61-7C80-4191-8AC6-8CB7D134E981}.Release|Any CPU.ActiveCfg = Release|Any CPU
		{2ACA0F61-7C80-4191-8AC6-8CB7D134E981}.Release|Any CPU.Build.0 = Release|Any CPU
	EndGlobalSection
	GlobalSection(SolutionProperties) = preSolution
		HideSolutionNode = FALSE
	EndGlobalSection
	GlobalSection(ExtensibilityGlobals) = postSolution
		SolutionGuid = {29621188-D0E9-465D-8F1D-E4834DA612DC}
	EndGlobalSection
EndGlobal
