
Microsoft Visual Studio Solution File, Format Version 12.00
# Visual Studio 15
VisualStudioVersion = 15.0.27703.2047
MinimumVisualStudioVersion = 10.0.40219.1
Project("{FAE04EC0-301F-11D3-BF4B-00C04F79EFBC}") = "FileUpload", "FileUpload\FileUpload.csproj", "{7DC5612E-0095-4D57-9DFA-D22B5DE9AD83}"
EndProject
Project("{E53339B2-1760-4266-BCC7-CA923CBCF16C}") = "docker-compose", "docker-compose.dcproj", "{EDCE5746-A069-433C-999C-B2C1DAB3A90B}"
EndProject
Global
	GlobalSection(SolutionConfigurationPlatforms) = preSolution
		Debug|Any CPU = Debug|Any CPU
		Release|Any CPU = Release|Any CPU
	EndGlobalSection
	GlobalSection(ProjectConfigurationPlatforms) = postSolution
		{7DC5612E-0095-4D57-9DFA-D22B5DE9AD83}.Debug|Any CPU.ActiveCfg = Debug|Any CPU
		{7DC5612E-0095-4D57-9DFA-D22B5DE9AD83}.Debug|Any CPU.Build.0 = Debug|Any CPU
		{7DC5612E-0095-4D57-9DFA-D22B5DE9AD83}.Release|Any CPU.ActiveCfg = Release|Any CPU
		{7DC5612E-0095-4D57-9DFA-D22B5DE9AD83}.Release|Any CPU.Build.0 = Release|Any CPU
		{EDCE5746-A069-433C-999C-B2C1DAB3A90B}.Debug|Any CPU.ActiveCfg = Debug|Any CPU
		{EDCE5746-A069-433C-999C-B2C1DAB3A90B}.Debug|Any CPU.Build.0 = Debug|Any CPU
		{EDCE5746-A069-433C-999C-B2C1DAB3A90B}.Release|Any CPU.ActiveCfg = Release|Any CPU
		{EDCE5746-A069-433C-999C-B2C1DAB3A90B}.Release|Any CPU.Build.0 = Release|Any CPU
	EndGlobalSection
	GlobalSection(SolutionProperties) = preSolution
		HideSolutionNode = FALSE
	EndGlobalSection
	GlobalSection(ExtensibilityGlobals) = postSolution
		SolutionGuid = {19230973-9EBF-4C4B-A5C8-4C246B590F5D}
	EndGlobalSection
EndGlobal
