
Microsoft Visual Studio Solution File, Format Version 12.00
# Visual Studio 15
VisualStudioVersion = 15.0.27703.2047
MinimumVisualStudioVersion = 10.0.40219.1
Project("{FAE04EC0-301F-11D3-BF4B-00C04F79EFBC}") = "Dependencies", "Dependencies\Dependencies.csproj", "{425A142A-9549-4CFE-B70D-14A725E66969}"
EndProject
Project("{E53339B2-1760-4266-BCC7-CA923CBCF16C}") = "docker-compose", "docker-compose.dcproj", "{8D360C3D-2D5A-43AF-9AB0-54316335BF5C}"
EndProject
Global
	GlobalSection(SolutionConfigurationPlatforms) = preSolution
		Debug|Any CPU = Debug|Any CPU
		Release|Any CPU = Release|Any CPU
	EndGlobalSection
	GlobalSection(ProjectConfigurationPlatforms) = postSolution
		{425A142A-9549-4CFE-B70D-14A725E66969}.Debug|Any CPU.ActiveCfg = Debug|Any CPU
		{425A142A-9549-4CFE-B70D-14A725E66969}.Debug|Any CPU.Build.0 = Debug|Any CPU
		{425A142A-9549-4CFE-B70D-14A725E66969}.Release|Any CPU.ActiveCfg = Release|Any CPU
		{425A142A-9549-4CFE-B70D-14A725E66969}.Release|Any CPU.Build.0 = Release|Any CPU
		{8D360C3D-2D5A-43AF-9AB0-54316335BF5C}.Debug|Any CPU.ActiveCfg = Debug|Any CPU
		{8D360C3D-2D5A-43AF-9AB0-54316335BF5C}.Debug|Any CPU.Build.0 = Debug|Any CPU
		{8D360C3D-2D5A-43AF-9AB0-54316335BF5C}.Release|Any CPU.ActiveCfg = Release|Any CPU
		{8D360C3D-2D5A-43AF-9AB0-54316335BF5C}.Release|Any CPU.Build.0 = Release|Any CPU
	EndGlobalSection
	GlobalSection(SolutionProperties) = preSolution
		HideSolutionNode = FALSE
	EndGlobalSection
	GlobalSection(ExtensibilityGlobals) = postSolution
		SolutionGuid = {E513065F-4BF7-4CB4-BFFA-ABFB5583894C}
	EndGlobalSection
EndGlobal
